
Microsoft Visual Studio Solution File, Format Version 12.00
Project("{FAE04EC0-301F-11D3-BF4B-00C04F79EFBC}") = "Ayasuna.Frostseek", "projects\main\Ayasuna.Frostseek\Ayasuna.Frostseek.csproj", "{23D718E2-23F5-4BC8-AF66-8E68AD13F3E6}"
EndProject
Project("{2150E333-8FDC-42A3-9474-1A3956D46DE8}") = "Main", "Main", "{83CC9075-3ECE-44BC-8616-6FF1C9DEADDE}"
EndProject
Global
	GlobalSection(SolutionConfigurationPlatforms) = preSolution
		Debug|Any CPU = Debug|Any CPU
		Release|Any CPU = Release|Any CPU
	EndGlobalSection
	GlobalSection(ProjectConfigurationPlatforms) = postSolution
		{23D718E2-23F5-4BC8-AF66-8E68AD13F3E6}.Debug|Any CPU.ActiveCfg = Debug|Any CPU
		{23D718E2-23F5-4BC8-AF66-8E68AD13F3E6}.Debug|Any CPU.Build.0 = Debug|Any CPU
		{23D718E2-23F5-4BC8-AF66-8E68AD13F3E6}.Release|Any CPU.ActiveCfg = Release|Any CPU
		{23D718E2-23F5-4BC8-AF66-8E68AD13F3E6}.Release|Any CPU.Build.0 = Release|Any CPU
	EndGlobalSection
	GlobalSection(NestedProjects) = preSolution
		{23D718E2-23F5-4BC8-AF66-8E68AD13F3E6} = {83CC9075-3ECE-44BC-8616-6FF1C9DEADDE}
	EndGlobalSection
EndGlobal
